# This file is automatically @generated by Cargo.
# It is not intended for manual editing.
[[package]]
name = "rusty_fortress"
version = "0.1.0"
dependencies = [
 "toml 0.5.5 (registry+https://github.com/rust-lang/crates.io-index)",
]

[[package]]
name = "serde"
version = "1.0.103"
source = "registry+https://github.com/rust-lang/crates.io-index"

[[package]]
name = "toml"
version = "0.5.5"
source = "registry+https://github.com/rust-lang/crates.io-index"
dependencies = [
 "serde 1.0.103 (registry+https://github.com/rust-lang/crates.io-index)",
]

[metadata]
"checksum serde 1.0.103 (registry+https://github.com/rust-lang/crates.io-index)" = "1217f97ab8e8904b57dd22eb61cde455fa7446a9c1cf43966066da047c1f3702"
"checksum toml 0.5.5 (registry+https://github.com/rust-lang/crates.io-index)" = "01d1404644c8b12b16bfcffa4322403a91a451584daaaa7c28d3152e6cbc98cf"
